
Microsoft Visual Studio Solution File, Format Version 12.00
# Visual Studio 14
VisualStudioVersion = 14.0.24720.0
MinimumVisualStudioVersion = 10.0.40219.1
Project("{FAE04EC0-301F-11D3-BF4B-00C04F79EFBC}") = "ClashOfClans.Client", "ClashOfClans.Client\ClashOfClans.Client.csproj", "{3C5DD6FF-A81D-4FCD-ABB6-54BECA262A96}"
EndProject
Project("{FAE04EC0-301F-11D3-BF4B-00C04F79EFBC}") = "ClashOfClans", "ClashOfClans\ClashOfClans.csproj", "{036DF90A-2819-47B6-B50B-2D85D6845B98}"
EndProject
Project("{FAE04EC0-301F-11D3-BF4B-00C04F79EFBC}") = "ClashOfClans.Test", "ClashOfClans.Test\ClashOfClans.Test.csproj", "{483553DF-7310-470C-AFFD-29BD0BA4C37C}"
EndProject
Global
	GlobalSection(SolutionConfigurationPlatforms) = preSolution
		Debug|Any CPU = Debug|Any CPU
		Release|Any CPU = Release|Any CPU
	EndGlobalSection
	GlobalSection(ProjectConfigurationPlatforms) = postSolution
		{3C5DD6FF-A81D-4FCD-ABB6-54BECA262A96}.Debug|Any CPU.ActiveCfg = Debug|Any CPU
		{3C5DD6FF-A81D-4FCD-ABB6-54BECA262A96}.Debug|Any CPU.Build.0 = Debug|Any CPU
		{3C5DD6FF-A81D-4FCD-ABB6-54BECA262A96}.Release|Any CPU.ActiveCfg = Release|Any CPU
		{3C5DD6FF-A81D-4FCD-ABB6-54BECA262A96}.Release|Any CPU.Build.0 = Release|Any CPU
		{036DF90A-2819-47B6-B50B-2D85D6845B98}.Debug|Any CPU.ActiveCfg = Debug|Any CPU
		{036DF90A-2819-47B6-B50B-2D85D6845B98}.Debug|Any CPU.Build.0 = Debug|Any CPU
		{036DF90A-2819-47B6-B50B-2D85D6845B98}.Release|Any CPU.ActiveCfg = Release|Any CPU
		{036DF90A-2819-47B6-B50B-2D85D6845B98}.Release|Any CPU.Build.0 = Release|Any CPU
		{483553DF-7310-470C-AFFD-29BD0BA4C37C}.Debug|Any CPU.ActiveCfg = Debug|Any CPU
		{483553DF-7310-470C-AFFD-29BD0BA4C37C}.Debug|Any CPU.Build.0 = Debug|Any CPU
		{483553DF-7310-470C-AFFD-29BD0BA4C37C}.Release|Any CPU.ActiveCfg = Release|Any CPU
		{483553DF-7310-470C-AFFD-29BD0BA4C37C}.Release|Any CPU.Build.0 = Release|Any CPU
	EndGlobalSection
	GlobalSection(SolutionProperties) = preSolution
		HideSolutionNode = FALSE
	EndGlobalSection
EndGlobal
